
Microsoft Visual Studio Solution File, Format Version 12.00
# Visual Studio Version 17
VisualStudioVersion = 17.6.33829.357
MinimumVisualStudioVersion = 10.0.40219.1
Project("{8BC9CEB8-8B4A-11D0-8D11-00A0C91BC942}") = "Labyrinth_game", "Labyrinth_game\Labyrinth_game.vcxproj", "{B683F68D-1DD6-4BCE-AEF2-9982C256EA80}"
EndProject
Global
	GlobalSection(SolutionConfigurationPlatforms) = preSolution
		Debug|x64 = Debug|x64
		Debug|x86 = Debug|x86
		Release|x64 = Release|x64
		Release|x86 = Release|x86
	EndGlobalSection
	GlobalSection(ProjectConfigurationPlatforms) = postSolution
		{B683F68D-1DD6-4BCE-AEF2-9982C256EA80}.Debug|x64.ActiveCfg = Debug|x64
		{B683F68D-1DD6-4BCE-AEF2-9982C256EA80}.Debug|x64.Build.0 = Debug|x64
		{B683F68D-1DD6-4BCE-AEF2-9982C256EA80}.Debug|x86.ActiveCfg = Debug|Win32
		{B683F68D-1DD6-4BCE-AEF2-9982C256EA80}.Debug|x86.Build.0 = Debug|Win32
		{B683F68D-1DD6-4BCE-AEF2-9982C256EA80}.Release|x64.ActiveCfg = Release|x64
		{B683F68D-1DD6-4BCE-AEF2-9982C256EA80}.Release|x64.Build.0 = Release|x64
		{B683F68D-1DD6-4BCE-AEF2-9982C256EA80}.Release|x86.ActiveCfg = Release|Win32
		{B683F68D-1DD6-4BCE-AEF2-9982C256EA80}.Release|x86.Build.0 = Release|Win32
	EndGlobalSection
	GlobalSection(SolutionProperties) = preSolution
		HideSolutionNode = FALSE
	EndGlobalSection
	GlobalSection(ExtensibilityGlobals) = postSolution
		SolutionGuid = {02327BA7-BE18-43DF-8B3D-CD3DCC808EC9}
	EndGlobalSection
EndGlobal
